// !$*UTF8*$!
{
	archiveVersion = 1;
	classes = {
	};
	objectVersion = 50;
	objects = {

/* Begin PBXBuildFile section */
		F709E3332244F2AB00DE296C /* fishhook.c in Sources */ = {isa = PBXBuildFile; fileRef = F709E3312244F2AB00DE296C /* fishhook.c */; };
		F788FBCC2243A19200F5F2AA /* AppDelegate.m in Sources */ = {isa = PBXBuildFile; fileRef = F788FBCB2243A19200F5F2AA /* AppDelegate.m */; };
		F788FBCF2243A19200F5F2AA /* ViewController.m in Sources */ = {isa = PBXBuildFile; fileRef = F788FBCE2243A19200F5F2AA /* ViewController.m */; };
		F788FBD22243A19200F5F2AA /* Main.storyboard in Resources */ = {isa = PBXBuildFile; fileRef = F788FBD02243A19200F5F2AA /* Main.storyboard */; };
		F788FBD42243A19300F5F2AA /* Assets.xcassets in Resources */ = {isa = PBXBuildFile; fileRef = F788FBD32243A19300F5F2AA /* Assets.xcassets */; };
		F788FBD72243A19300F5F2AA /* LaunchScreen.storyboard in Resources */ = {isa = PBXBuildFile; fileRef = F788FBD52243A19300F5F2AA /* LaunchScreen.storyboard */; };
		F788FBDA2243A19300F5F2AA /* main.m in Sources */ = {isa = PBXBuildFile; fileRef = F788FBD92243A19300F5F2AA /* main.m */; };
		F788FBE42243A19300F5F2AA /* FishhookDemoTests.m in Sources */ = {isa = PBXBuildFile; fileRef = F788FBE32243A19300F5F2AA /* FishhookDemoTests.m */; };
		F788FBEF2243A19300F5F2AA /* FishhookDemoUITests.m in Sources */ = {isa = PBXBuildFile; fileRef = F788FBEE2243A19300F5F2AA /* FishhookDemoUITests.m */; };
		F788FBFE2243A4B300F5F2AA /* RuntimeVC.m in Sources */ = {isa = PBXBuildFile; fileRef = F788FBFD2243A4B300F5F2AA /* RuntimeVC.m */; };
		F788FC012243A4C200F5F2AA /* FishhookVC.m in Sources */ = {isa = PBXBuildFile; fileRef = F788FC002243A4C200F5F2AA /* FishhookVC.m */; };
/* End PBXBuildFile section */

/* Begin PBXContainerItemProxy section */
		F788FBE02243A19300F5F2AA /* PBXContainerItemProxy */ = {
			isa = PBXContainerItemProxy;
			containerPortal = F788FBBF2243A19100F5F2AA /* Project object */;
			proxyType = 1;
			remoteGlobalIDString = F788FBC62243A19200F5F2AA;
			remoteInfo = FishhookDemo;
		};
		F788FBEB2243A19300F5F2AA /* PBXContainerItemProxy */ = {
			isa = PBXContainerItemProxy;
			containerPortal = F788FBBF2243A19100F5F2AA /* Project object */;
			proxyType = 1;
			remoteGlobalIDString = F788FBC62243A19200F5F2AA;
			remoteInfo = FishhookDemo;
		};
/* End PBXContainerItemProxy section */

/* Begin PBXFileReference section */
		F709E3312244F2AB00DE296C /* fishhook.c */ = {isa = PBXFileReference; fileEncoding = 4; lastKnownFileType = sourcecode.c.c; path = fishhook.c; sourceTree = "<group>"; };
		F709E3322244F2AB00DE296C /* fishhook.h */ = {isa = PBXFileReference; fileEncoding = 4; lastKnownFileType = sourcecode.c.h; path = fishhook.h; sourceTree = "<group>"; };
		F788FBC72243A19200F5F2AA /* FishhookDemo.app */ = {isa = PBXFileReference; explicitFileType = wrapper.application; includeInIndex = 0; path = FishhookDemo.app; sourceTree = BUILT_PRODUCTS_DIR; };
		F788FBCA2243A19200F5F2AA /* AppDelegate.h */ = {isa = PBXFileReference; lastKnownFileType = sourcecode.c.h; path = AppDelegate.h; sourceTree = "<group>"; };
		F788FBCB2243A19200F5F2AA /* AppDelegate.m */ = {isa = PBXFileReference; lastKnownFileType = sourcecode.c.objc; path = AppDelegate.m; sourceTree = "<group>"; };
		F788FBCD2243A19200F5F2AA /* ViewController.h */ = {isa = PBXFileReference; lastKnownFileType = sourcecode.c.h; path = ViewController.h; sourceTree = "<group>"; };
		F788FBCE2243A19200F5F2AA /* ViewController.m */ = {isa = PBXFileReference; lastKnownFileType = sourcecode.c.objc; path = ViewController.m; sourceTree = "<group>"; };
		F788FBD12243A19200F5F2AA /* Base */ = {isa = PBXFileReference; lastKnownFileType = file.storyboard; name = Base; path = Base.lproj/Main.storyboard; sourceTree = "<group>"; };
		F788FBD32243A19300F5F2AA /* Assets.xcassets */ = {isa = PBXFileReference; lastKnownFileType = folder.assetcatalog; path = Assets.xcassets; sourceTree = "<group>"; };
		F788FBD62243A19300F5F2AA /* Base */ = {isa = PBXFileReference; lastKnownFileType = file.storyboard; name = Base; path = Base.lproj/LaunchScreen.storyboard; sourceTree = "<group>"; };
		F788FBD82243A19300F5F2AA /* Info.plist */ = {isa = PBXFileReference; lastKnownFileType = text.plist.xml; path = Info.plist; sourceTree = "<group>"; };
		F788FBD92243A19300F5F2AA /* main.m */ = {isa = PBXFileReference; lastKnownFileType = sourcecode.c.objc; path = main.m; sourceTree = "<group>"; };
		F788FBDF2243A19300F5F2AA /* FishhookDemoTests.xctest */ = {isa = PBXFileReference; explicitFileType = wrapper.cfbundle; includeInIndex = 0; path = FishhookDemoTests.xctest; sourceTree = BUILT_PRODUCTS_DIR; };
		F788FBE32243A19300F5F2AA /* FishhookDemoTests.m */ = {isa = PBXFileReference; lastKnownFileType = sourcecode.c.objc; path = FishhookDemoTests.m; sourceTree = "<group>"; };
		F788FBE52243A19300F5F2AA /* Info.plist */ = {isa = PBXFileReference; lastKnownFileType = text.plist.xml; path = Info.plist; sourceTree = "<group>"; };
		F788FBEA2243A19300F5F2AA /* FishhookDemoUITests.xctest */ = {isa = PBXFileReference; explicitFileType = wrapper.cfbundle; includeInIndex = 0; path = FishhookDemoUITests.xctest; sourceTree = BUILT_PRODUCTS_DIR; };
		F788FBEE2243A19300F5F2AA /* FishhookDemoUITests.m */ = {isa = PBXFileReference; lastKnownFileType = sourcecode.c.objc; path = FishhookDemoUITests.m; sourceTree = "<group>"; };
		F788FBF02243A19300F5F2AA /* Info.plist */ = {isa = PBXFileReference; lastKnownFileType = text.plist.xml; path = Info.plist; sourceTree = "<group>"; };
		F788FBFC2243A4B300F5F2AA /* RuntimeVC.h */ = {isa = PBXFileReference; lastKnownFileType = sourcecode.c.h; path = RuntimeVC.h; sourceTree = "<group>"; };
		F788FBFD2243A4B300F5F2AA /* RuntimeVC.m */ = {isa = PBXFileReference; lastKnownFileType = sourcecode.c.objc; path = RuntimeVC.m; sourceTree = "<group>"; };
		F788FBFF2243A4C200F5F2AA /* FishhookVC.h */ = {isa = PBXFileReference; lastKnownFileType = sourcecode.c.h; path = FishhookVC.h; sourceTree = "<group>"; };
		F788FC002243A4C200F5F2AA /* FishhookVC.m */ = {isa = PBXFileReference; lastKnownFileType = sourcecode.c.objc; path = FishhookVC.m; sourceTree = "<group>"; };
/* End PBXFileReference section */

/* Begin PBXFrameworksBuildPhase section */
		F788FBC42243A19200F5F2AA /* Frameworks */ = {
			isa = PBXFrameworksBuildPhase;
			buildActionMask = 2147483647;
			files = (
			);
			runOnlyForDeploymentPostprocessing = 0;
		};
		F788FBDC2243A19300F5F2AA /* Frameworks */ = {
			isa = PBXFrameworksBuildPhase;
			buildActionMask = 2147483647;
			files = (
			);
			runOnlyForDeploymentPostprocessing = 0;
		};
		F788FBE72243A19300F5F2AA /* Frameworks */ = {
			isa = PBXFrameworksBuildPhase;
			buildActionMask = 2147483647;
			files = (
			);
			runOnlyForDeploymentPostprocessing = 0;
		};
/* End PBXFrameworksBuildPhase section */

/* Begin PBXGroup section */
		F788FBBE2243A19100F5F2AA = {
			isa = PBXGroup;
			children = (
				F788FBC92243A19200F5F2AA /* FishhookDemo */,
				F788FBE22243A19300F5F2AA /* FishhookDemoTests */,
				F788FBED2243A19300F5F2AA /* FishhookDemoUITests */,
				F788FBC82243A19200F5F2AA /* Products */,
			);
			sourceTree = "<group>";
		};
		F788FBC82243A19200F5F2AA /* Products */ = {
			isa = PBXGroup;
			children = (
				F788FBC72243A19200F5F2AA /* FishhookDemo.app */,
				F788FBDF2243A19300F5F2AA /* FishhookDemoTests.xctest */,
				F788FBEA2243A19300F5F2AA /* FishhookDemoUITests.xctest */,
			);
			name = Products;
			sourceTree = "<group>";
		};
		F788FBC92243A19200F5F2AA /* FishhookDemo */ = {
			isa = PBXGroup;
			children = (
				F709E3312244F2AB00DE296C /* fishhook.c */,
				F709E3322244F2AB00DE296C /* fishhook.h */,
				F788FBCA2243A19200F5F2AA /* AppDelegate.h */,
				F788FBCB2243A19200F5F2AA /* AppDelegate.m */,
				F788FBCD2243A19200F5F2AA /* ViewController.h */,
				F788FBCE2243A19200F5F2AA /* ViewController.m */,
				F788FBFC2243A4B300F5F2AA /* RuntimeVC.h */,
				F788FBFD2243A4B300F5F2AA /* RuntimeVC.m */,
				F788FBFF2243A4C200F5F2AA /* FishhookVC.h */,
				F788FC002243A4C200F5F2AA /* FishhookVC.m */,
				F788FBD02243A19200F5F2AA /* Main.storyboard */,
				F788FBD32243A19300F5F2AA /* Assets.xcassets */,
				F788FBD52243A19300F5F2AA /* LaunchScreen.storyboard */,
				F788FBD82243A19300F5F2AA /* Info.plist */,
				F788FBD92243A19300F5F2AA /* main.m */,
			);
			path = FishhookDemo;
			sourceTree = "<group>";
		};
		F788FBE22243A19300F5F2AA /* FishhookDemoTests */ = {
			isa = PBXGroup;
			children = (
				F788FBE32243A19300F5F2AA /* FishhookDemoTests.m */,
				F788FBE52243A19300F5F2AA /* Info.plist */,
			);
			path = FishhookDemoTests;
			sourceTree = "<group>";
		};
		F788FBED2243A19300F5F2AA /* FishhookDemoUITests */ = {
			isa = PBXGroup;
			children = (
				F788FBEE2243A19300F5F2AA /* FishhookDemoUITests.m */,
				F788FBF02243A19300F5F2AA /* Info.plist */,
			);
			path = FishhookDemoUITests;
			sourceTree = "<group>";
		};
/* End PBXGroup section */

/* Begin PBXNativeTarget section */
		F788FBC62243A19200F5F2AA /* FishhookDemo */ = {
			isa = PBXNativeTarget;
			buildConfigurationList = F788FBF32243A19300F5F2AA /* Build configuration list for PBXNativeTarget "FishhookDemo" */;
			buildPhases = (
				F788FBC32243A19200F5F2AA /* Sources */,
				F788FBC42243A19200F5F2AA /* Frameworks */,
				F788FBC52243A19200F5F2AA /* Resources */,
			);
			buildRules = (
			);
			dependencies = (
			);
			name = FishhookDemo;
			productName = FishhookDemo;
			productReference = F788FBC72243A19200F5F2AA /* FishhookDemo.app */;
			productType = "com.apple.product-type.application";
		};
		F788FBDE2243A19300F5F2AA /* FishhookDemoTests */ = {
			isa = PBXNativeTarget;
			buildConfigurationList = F788FBF62243A19300F5F2AA /* Build configuration list for PBXNativeTarget "FishhookDemoTests" */;
			buildPhases = (
				F788FBDB2243A19300F5F2AA /* Sources */,
				F788FBDC2243A19300F5F2AA /* Frameworks */,
				F788FBDD2243A19300F5F2AA /* Resources */,
			);
			buildRules = (
			);
			dependencies = (
				F788FBE12243A19300F5F2AA /* PBXTargetDependency */,
			);
			name = FishhookDemoTests;
			productName = FishhookDemoTests;
			productReference = F788FBDF2243A19300F5F2AA /* FishhookDemoTests.xctest */;
			productType = "com.apple.product-type.bundle.unit-test";
		};
		F788FBE92243A19300F5F2AA /* FishhookDemoUITests */ = {
			isa = PBXNativeTarget;
			buildConfigurationList = F788FBF92243A19300F5F2AA /* Build configuration list for PBXNativeTarget "FishhookDemoUITests" */;
			buildPhases = (
				F788FBE62243A19300F5F2AA /* Sources */,
				F788FBE72243A19300F5F2AA /* Frameworks */,
				F788FBE82243A19300F5F2AA /* Resources */,
			);
			buildRules = (
			);
			dependencies = (
				F788FBEC2243A19300F5F2AA /* PBXTargetDependency */,
			);
			name = FishhookDemoUITests;
			productName = FishhookDemoUITests;
			productReference = F788FBEA2243A19300F5F2AA /* FishhookDemoUITests.xctest */;
			productType = "com.apple.product-type.bundle.ui-testing";
		};
/* End PBXNativeTarget section */

/* Begin PBXProject section */
		F788FBBF2243A19100F5F2AA /* Project object */ = {
			isa = PBXProject;
			attributes = {
				LastUpgradeCheck = 1010;
				ORGANIZATIONNAME = DengBin;
				TargetAttributes = {
					F788FBC62243A19200F5F2AA = {
						CreatedOnToolsVersion = 10.1;
					};
					F788FBDE2243A19300F5F2AA = {
						CreatedOnToolsVersion = 10.1;
						TestTargetID = F788FBC62243A19200F5F2AA;
					};
					F788FBE92243A19300F5F2AA = {
						CreatedOnToolsVersion = 10.1;
						TestTargetID = F788FBC62243A19200F5F2AA;
					};
				};
			};
			buildConfigurationList = F788FBC22243A19100F5F2AA /* Build configuration list for PBXProject "FishhookDemo" */;
			compatibilityVersion = "Xcode 9.3";
			developmentRegion = en;
			hasScannedForEncodings = 0;
			knownRegions = (
				en,
				Base,
			);
			mainGroup = F788FBBE2243A19100F5F2AA;
			productRefGroup = F788FBC82243A19200F5F2AA /* Products */;
			projectDirPath = "";
			projectRoot = "";
			targets = (
				F788FBC62243A19200F5F2AA /* FishhookDemo */,
				F788FBDE2243A19300F5F2AA /* FishhookDemoTests */,
				F788FBE92243A19300F5F2AA /* FishhookDemoUITests */,
			);
		};
/* End PBXProject section */

/* Begin PBXResourcesBuildPhase section */
		F788FBC52243A19200F5F2AA /* Resources */ = {
			isa = PBXResourcesBuildPhase;
			buildActionMask = 2147483647;
			files = (
				F788FBD72243A19300F5F2AA /* LaunchScreen.storyboard in Resources */,
				F788FBD42243A19300F5F2AA /* Assets.xcassets in Resources */,
				F788FBD22243A19200F5F2AA /* Main.storyboard in Resources */,
			);
			runOnlyForDeploymentPostprocessing = 0;
		};
		F788FBDD2243A19300F5F2AA /* Resources */ = {
			isa = PBXResourcesBuildPhase;
			buildActionMask = 2147483647;
			files = (
			);
			runOnlyForDeploymentPostprocessing = 0;
		};
		F788FBE82243A19300F5F2AA /* Resources */ = {
			isa = PBXResourcesBuildPhase;
			buildActionMask = 2147483647;
			files = (
			);
			runOnlyForDeploymentPostprocessing = 0;
		};
/* End PBXResourcesBuildPhase section */

/* Begin PBXSourcesBuildPhase section */
		F788FBC32243A19200F5F2AA /* Sources */ = {
			isa = PBXSourcesBuildPhase;
			buildActionMask = 2147483647;
			files = (
				F788FBCF2243A19200F5F2AA /* ViewController.m in Sources */,
				F788FBDA2243A19300F5F2AA /* main.m in Sources */,
				F788FC012243A4C200F5F2AA /* FishhookVC.m in Sources */,
				F788FBCC2243A19200F5F2AA /* AppDelegate.m in Sources */,
				F709E3332244F2AB00DE296C /* fishhook.c in Sources */,
				F788FBFE2243A4B300F5F2AA /* RuntimeVC.m in Sources */,
			);
			runOnlyForDeploymentPostprocessing = 0;
		};
		F788FBDB2243A19300F5F2AA /* Sources */ = {
			isa = PBXSourcesBuildPhase;
			buildActionMask = 2147483647;
			files = (
				F788FBE42243A19300F5F2AA /* FishhookDemoTests.m in Sources */,
			);
			runOnlyForDeploymentPostprocessing = 0;
		};
		F788FBE62243A19300F5F2AA /* Sources */ = {
			isa = PBXSourcesBuildPhase;
			buildActionMask = 2147483647;
			files = (
				F788FBEF2243A19300F5F2AA /* FishhookDemoUITests.m in Sources */,
			);
			runOnlyForDeploymentPostprocessing = 0;
		};
/* End PBXSourcesBuildPhase section */

/* Begin PBXTargetDependency section */
		F788FBE12243A19300F5F2AA /* PBXTargetDependency */ = {
			isa = PBXTargetDependency;
			target = F788FBC62243A19200F5F2AA /* FishhookDemo */;
			targetProxy = F788FBE02243A19300F5F2AA /* PBXContainerItemProxy */;
		};
		F788FBEC2243A19300F5F2AA /* PBXTargetDependency */ = {
			isa = PBXTargetDependency;
			target = F788FBC62243A19200F5F2AA /* FishhookDemo */;
			targetProxy = F788FBEB2243A19300F5F2AA /* PBXContainerItemProxy */;
		};
/* End PBXTargetDependency section */

/* Begin PBXVariantGroup section */
		F788FBD02243A19200F5F2AA /* Main.storyboard */ = {
			isa = PBXVariantGroup;
			children = (
				F788FBD12243A19200F5F2AA /* Base */,
			);
			name = Main.storyboard;
			sourceTree = "<group>";
		};
		F788FBD52243A19300F5F2AA /* LaunchScreen.storyboard */ = {
			isa = PBXVariantGroup;
			children = (
				F788FBD62243A19300F5F2AA /* Base */,
			);
			name = LaunchScreen.storyboard;
			sourceTree = "<group>";
		};
/* End PBXVariantGroup section */

/* Begin XCBuildConfiguration section */
		F788FBF12243A19300F5F2AA /* Debug */ = {
			isa = XCBuildConfiguration;
			buildSettings = {
				ALWAYS_SEARCH_USER_PATHS = NO;
				CLANG_ANALYZER_NONNULL = YES;
				CLANG_ANALYZER_NUMBER_OBJECT_CONVERSION = YES_AGGRESSIVE;
				CLANG_CXX_LANGUAGE_STANDARD = "gnu++14";
				CLANG_CXX_LIBRARY = "libc++";
				CLANG_ENABLE_MODULES = YES;
				CLANG_ENABLE_OBJC_ARC = YES;
				CLANG_ENABLE_OBJC_WEAK = YES;
				CLANG_WARN_BLOCK_CAPTURE_AUTORELEASING = YES;
				CLANG_WARN_BOOL_CONVERSION = YES;
				CLANG_WARN_COMMA = YES;
				CLANG_WARN_CONSTANT_CONVERSION = YES;
				CLANG_WARN_DEPRECATED_OBJC_IMPLEMENTATIONS = YES;
				CLANG_WARN_DIRECT_OBJC_ISA_USAGE = YES_ERROR;
				CLANG_WARN_DOCUMENTATION_COMMENTS = YES;
				CLANG_WARN_EMPTY_BODY = YES;
				CLANG_WARN_ENUM_CONVERSION = YES;
				CLANG_WARN_INFINITE_RECURSION = YES;
				CLANG_WARN_INT_CONVERSION = YES;
				CLANG_WARN_NON_LITERAL_NULL_CONVERSION = YES;
				CLANG_WARN_OBJC_IMPLICIT_RETAIN_SELF = YES;
				CLANG_WARN_OBJC_LITERAL_CONVERSION = YES;
				CLANG_WARN_OBJC_ROOT_CLASS = YES_ERROR;
				CLANG_WARN_RANGE_LOOP_ANALYSIS = YES;
				CLANG_WARN_STRICT_PROTOTYPES = YES;
				CLANG_WARN_SUSPICIOUS_MOVE = YES;
				CLANG_WARN_UNGUARDED_AVAILABILITY = YES_AGGRESSIVE;
				CLANG_WARN_UNREACHABLE_CODE = YES;
				CLANG_WARN__DUPLICATE_METHOD_MATCH = YES;
				CODE_SIGN_IDENTITY = "iPhone Developer";
				COPY_PHASE_STRIP = NO;
				DEBUG_INFORMATION_FORMAT = dwarf;
				ENABLE_STRICT_OBJC_MSGSEND = YES;
				ENABLE_TESTABILITY = YES;
				GCC_C_LANGUAGE_STANDARD = gnu11;
				GCC_DYNAMIC_NO_PIC = NO;
				GCC_NO_COMMON_BLOCKS = YES;
				GCC_OPTIMIZATION_LEVEL = 0;
				GCC_PREPROCESSOR_DEFINITIONS = (
					"DEBUG=1",
					"$(inherited)",
				);
				GCC_WARN_64_TO_32_BIT_CONVERSION = YES;
				GCC_WARN_ABOUT_RETURN_TYPE = YES_ERROR;
				GCC_WARN_UNDECLARED_SELECTOR = YES;
				GCC_WARN_UNINITIALIZED_AUTOS = YES_AGGRESSIVE;
				GCC_WARN_UNUSED_FUNCTION = YES;
				GCC_WARN_UNUSED_VARIABLE = YES;
				IPHONEOS_DEPLOYMENT_TARGET = 12.1;
				MTL_ENABLE_DEBUG_INFO = INCLUDE_SOURCE;
				MTL_FAST_MATH = YES;
				ONLY_ACTIVE_ARCH = YES;
				SDKROOT = iphoneos;
			};
			name = Debug;
		};
		F788FBF22243A19300F5F2AA /* Release */ = {
			isa = XCBuildConfiguration;
			buildSettings = {
				ALWAYS_SEARCH_USER_PATHS = NO;
				CLANG_ANALYZER_NONNULL = YES;
				CLANG_ANALYZER_NUMBER_OBJECT_CONVERSION = YES_AGGRESSIVE;
				CLANG_CXX_LANGUAGE_STANDARD = "gnu++14";
				CLANG_CXX_LIBRARY = "libc++";
				CLANG_ENABLE_MODULES = YES;
				CLANG_ENABLE_OBJC_ARC = YES;
				CLANG_ENABLE_OBJC_WEAK = YES;
				CLANG_WARN_BLOCK_CAPTURE_AUTORELEASING = YES;
				CLANG_WARN_BOOL_CONVERSION = YES;
				CLANG_WARN_COMMA = YES;
				CLANG_WARN_CONSTANT_CONVERSION = YES;
				CLANG_WARN_DEPRECATED_OBJC_IMPLEMENTATIONS = YES;
				CLANG_WARN_DIRECT_OBJC_ISA_USAGE = YES_ERROR;
				CLANG_WARN_DOCUMENTATION_COMMENTS = YES;
				CLANG_WARN_EMPTY_BODY = YES;
				CLANG_WARN_ENUM_CONVERSION = YES;
				CLANG_WARN_INFINITE_RECURSION = YES;
				CLANG_WARN_INT_CONVERSION = YES;
				CLANG_WARN_NON_LITERAL_NULL_CONVERSION = YES;
				CLANG_WARN_OBJC_IMPLICIT_RETAIN_SELF = YES;
				CLANG_WARN_OBJC_LITERAL_CONVERSION = YES;
				CLANG_WARN_OBJC_ROOT_CLASS = YES_ERROR;
				CLANG_WARN_RANGE_LOOP_ANALYSIS = YES;
				CLANG_WARN_STRICT_PROTOTYPES = YES;
				CLANG_WARN_SUSPICIOUS_MOVE = YES;
				CLANG_WARN_UNGUARDED_AVAILABILITY = YES_AGGRESSIVE;
				CLANG_WARN_UNREACHABLE_CODE = YES;
				CLANG_WARN__DUPLICATE_METHOD_MATCH = YES;
				CODE_SIGN_IDENTITY = "iPhone Developer";
				COPY_PHASE_STRIP = NO;
				DEBUG_INFORMATION_FORMAT = "dwarf-with-dsym";
				ENABLE_NS_ASSERTIONS = NO;
				ENABLE_STRICT_OBJC_MSGSEND = YES;
				GCC_C_LANGUAGE_STANDARD = gnu11;
				GCC_NO_COMMON_BLOCKS = YES;
				GCC_WARN_64_TO_32_BIT_CONVERSION = YES;
				GCC_WARN_ABOUT_RETURN_TYPE = YES_ERROR;
				GCC_WARN_UNDECLARED_SELECTOR = YES;
				GCC_WARN_UNINITIALIZED_AUTOS = YES_AGGRESSIVE;
				GCC_WARN_UNUSED_FUNCTION = YES;
				GCC_WARN_UNUSED_VARIABLE = YES;
				IPHONEOS_DEPLOYMENT_TARGET = 12.1;
				MTL_ENABLE_DEBUG_INFO = NO;
				MTL_FAST_MATH = YES;
				SDKROOT = iphoneos;
				VALIDATE_PRODUCT = YES;
			};
			name = Release;
		};
		F788FBF42243A19300F5F2AA /* Debug */ = {
			isa = XCBuildConfiguration;
			buildSettings = {
				ASSETCATALOG_COMPILER_APPICON_NAME = AppIcon;
				CODE_SIGN_STYLE = Automatic;
				DEVELOPMENT_TEAM = FG83S5U636;
				INFOPLIST_FILE = FishhookDemo/Info.plist;
				LD_RUNPATH_SEARCH_PATHS = (
					"$(inherited)",
					"@executable_path/Frameworks",
				);
				PRODUCT_BUNDLE_IDENTIFIER = com.dengbin.FishhookDemo;
				PRODUCT_NAME = "$(TARGET_NAME)";
				TARGETED_DEVICE_FAMILY = "1,2";
			};
			name = Debug;
		};
		F788FBF52243A19300F5F2AA /* Release */ = {
			isa = XCBuildConfiguration;
			buildSettings = {
				ASSETCATALOG_COMPILER_APPICON_NAME = AppIcon;
				CODE_SIGN_STYLE = Automatic;
				DEVELOPMENT_TEAM = FG83S5U636;
				INFOPLIST_FILE = FishhookDemo/Info.plist;
				LD_RUNPATH_SEARCH_PATHS = (
					"$(inherited)",
					"@executable_path/Frameworks",
				);
				PRODUCT_BUNDLE_IDENTIFIER = com.dengbin.FishhookDemo;
				PRODUCT_NAME = "$(TARGET_NAME)";
				TARGETED_DEVICE_FAMILY = "1,2";
			};
			name = Release;
		};
		F788FBF72243A19300F5F2AA /* Debug */ = {
			isa = XCBuildConfiguration;
			buildSettings = {
				BUNDLE_LOADER = "$(TEST_HOST)";
				CODE_SIGN_STYLE = Automatic;
				DEVELOPMENT_TEAM = FG83S5U636;
				INFOPLIST_FILE = FishhookDemoTests/Info.plist;
				LD_RUNPATH_SEARCH_PATHS = (
					"$(inherited)",
					"@executable_path/Frameworks",
					"@loader_path/Frameworks",
				);
				PRODUCT_BUNDLE_IDENTIFIER = com.dengbin.FishhookDemoTests;
				PRODUCT_NAME = "$(TARGET_NAME)";
				TARGETED_DEVICE_FAMILY = "1,2";
				TEST_HOST = "$(BUILT_PRODUCTS_DIR)/FishhookDemo.app/FishhookDemo";
			};
			name = Debug;
		};
		F788FBF82243A19300F5F2AA /* Release */ = {
			isa = XCBuildConfiguration;
			buildSettings = {
				BUNDLE_LOADER = "$(TEST_HOST)";
				CODE_SIGN_STYLE = Automatic;
				DEVELOPMENT_TEAM = FG83S5U636;
				INFOPLIST_FILE = FishhookDemoTests/Info.plist;
				LD_RUNPATH_SEARCH_PATHS = (
					"$(inherited)",
					"@executable_path/Frameworks",
					"@loader_path/Frameworks",
				);
				PRODUCT_BUNDLE_IDENTIFIER = com.dengbin.FishhookDemoTests;
				PRODUCT_NAME = "$(TARGET_NAME)";
				TARGETED_DEVICE_FAMILY = "1,2";
				TEST_HOST = "$(BUILT_PRODUCTS_DIR)/FishhookDemo.app/FishhookDemo";
			};
			name = Release;
		};
		F788FBFA2243A19300F5F2AA /* Debug */ = {
			isa = XCBuildConfiguration;
			buildSettings = {
				CODE_SIGN_STYLE = Automatic;
				DEVELOPMENT_TEAM = FG83S5U636;
				INFOPLIST_FILE = FishhookDemoUITests/Info.plist;
				LD_RUNPATH_SEARCH_PATHS = (
					"$(inherited)",
					"@executable_path/Frameworks",
					"@loader_path/Frameworks",
				);
				PRODUCT_BUNDLE_IDENTIFIER = com.dengbin.FishhookDemoUITests;
				PRODUCT_NAME = "$(TARGET_NAME)";
				TARGETED_DEVICE_FAMILY = "1,2";
				TEST_TARGET_NAME = FishhookDemo;
			};
			name = Debug;
		};
		F788FBFB2243A19300F5F2AA /* Release */ = {
			isa = XCBuildConfiguration;
			buildSettings = {
				CODE_SIGN_STYLE = Automatic;
				DEVELOPMENT_TEAM = FG83S5U636;
				INFOPLIST_FILE = FishhookDemoUITests/Info.plist;
				LD_RUNPATH_SEARCH_PATHS = (
					"$(inherited)",
					"@executable_path/Frameworks",
					"@loader_path/Frameworks",
				);
				PRODUCT_BUNDLE_IDENTIFIER = com.dengbin.FishhookDemoUITests;
				PRODUCT_NAME = "$(TARGET_NAME)";
				TARGETED_DEVICE_FAMILY = "1,2";
				TEST_TARGET_NAME = FishhookDemo;
			};
			name = Release;
		};
/* End XCBuildConfiguration section */

/* Begin XCConfigurationList section */
		F788FBC22243A19100F5F2AA /* Build configuration list for PBXProject "FishhookDemo" */ = {
			isa = XCConfigurationList;
			buildConfigurations = (
				F788FBF12243A19300F5F2AA /* Debug */,
				F788FBF22243A19300F5F2AA /* Release */,
			);
			defaultConfigurationIsVisible = 0;
			defaultConfigurationName = Release;
		};
		F788FBF32243A19300F5F2AA /* Build configuration list for PBXNativeTarget "FishhookDemo" */ = {
			isa = XCConfigurationList;
			buildConfigurations = (
				F788FBF42243A19300F5F2AA /* Debug */,
				F788FBF52243A19300F5F2AA /* Release */,
			);
			defaultConfigurationIsVisible = 0;
			defaultConfigurationName = Release;
		};
		F788FBF62243A19300F5F2AA /* Build configuration list for PBXNativeTarget "FishhookDemoTests" */ = {
			isa = XCConfigurationList;
			buildConfigurations = (
				F788FBF72243A19300F5F2AA /* Debug */,
				F788FBF82243A19300F5F2AA /* Release */,
			);
			defaultConfigurationIsVisible = 0;
			defaultConfigurationName = Release;
		};
		F788FBF92243A19300F5F2AA /* Build configuration list for PBXNativeTarget "FishhookDemoUITests" */ = {
			isa = XCConfigurationList;
			buildConfigurations = (
				F788FBFA2243A19300F5F2AA /* Debug */,
				F788FBFB2243A19300F5F2AA /* Release */,
			);
			defaultConfigurationIsVisible = 0;
			defaultConfigurationName = Release;
		};
/* End XCConfigurationList section */
	};
	rootObject = F788FBBF2243A19100F5F2AA /* Project object */;
}
